
Microsoft Visual Studio Solution File, Format Version 12.00
# Visual Studio Version 17
VisualStudioVersion = 17.8.34309.116
MinimumVisualStudioVersion = 10.0.40219.1
Project("{FAE04EC0-301F-11D3-BF4B-00C04F79EFBC}") = "AdventOfCode2023", "AdventOfCode2023\AdventOfCode2023.csproj", "{0FE71E5B-3E36-48C9-9D3A-6AE2A7CB7ADF}"
EndProject
Global
	GlobalSection(SolutionConfigurationPlatforms) = preSolution
		Debug|Any CPU = Debug|Any CPU
		Release|Any CPU = Release|Any CPU
	EndGlobalSection
	GlobalSection(ProjectConfigurationPlatforms) = postSolution
		{0FE71E5B-3E36-48C9-9D3A-6AE2A7CB7ADF}.Debug|Any CPU.ActiveCfg = Debug|Any CPU
		{0FE71E5B-3E36-48C9-9D3A-6AE2A7CB7ADF}.Debug|Any CPU.Build.0 = Debug|Any CPU
		{0FE71E5B-3E36-48C9-9D3A-6AE2A7CB7ADF}.Release|Any CPU.ActiveCfg = Release|Any CPU
		{0FE71E5B-3E36-48C9-9D3A-6AE2A7CB7ADF}.Release|Any CPU.Build.0 = Release|Any CPU
	EndGlobalSection
	GlobalSection(SolutionProperties) = preSolution
		HideSolutionNode = FALSE
	EndGlobalSection
	GlobalSection(ExtensibilityGlobals) = postSolution
		SolutionGuid = {6161CB06-D293-4813-B503-7A777DFCF9DD}
	EndGlobalSection
EndGlobal
